PODS:
  - FlutterMacOS (1.0.0)
  - video_player_rtmp_ext (0.0.1):
    - FlutterMacOS
    - VLCKit
  - VLCKit (3.6.0)

DEPENDENCIES:
  - FlutterMacOS (from `Flutter/ephemeral`)
  - video_player_rtmp_ext (from `Flutter/ephemeral/.symlinks/plugins/video_player_rtmp_ext/macos`)

SPEC REPOS:
  trunk:
    - VLCKit

EXTERNAL SOURCES:
  FlutterMacOS:
    :path: Flutter/ephemeral
  video_player_rtmp_ext:
    :path: Flutter/ephemeral/.symlinks/plugins/video_player_rtmp_ext/macos

SPEC CHECKSUMS:
  FlutterMacOS: d0db08ddef1a9af05a5ec4b724367152bb0500b1
  video_player_rtmp_ext: 600338d54cd0bf330e452ac203181dff3d7ac1ed
  VLCKit: 0249cc10be7094917f2230468957dbd36f378291

PODFILE CHECKSUM: 977acbc4738919b03b54ed35921ba75fef54b2a0

COCOAPODS: 1.16.2
